
Microsoft Visual Studio Solution File, Format Version 12.00
# Visual Studio 15
VisualStudioVersion = 15.0.28307.271
MinimumVisualStudioVersion = 10.0.40219.1
Project("{2150E333-8FDC-42A3-9474-1A3956D46DE8}") = "global", "global", "{581CAF18-7E5C-463A-887B-5B1BF27EE0CF}"
	ProjectSection(SolutionItems) = preProject
		.gitignore = .gitignore
		global.json = global.json
		README.md = README.md
	EndProjectSection
EndProject
Project("{9A19103F-16F7-4668-BE54-9A1E7A4F7556}") = "Apix.Http.Client", "src\Apix.Http.Client.csproj", "{F7F950C1-20A7-4C0B-99EC-616B4F705287}"
EndProject
Global
	GlobalSection(SolutionConfigurationPlatforms) = preSolution
		Debug|Any CPU = Debug|Any CPU
		Release|Any CPU = Release|Any CPU
	EndGlobalSection
	GlobalSection(ProjectConfigurationPlatforms) = postSolution
		{F7F950C1-20A7-4C0B-99EC-616B4F705287}.Debug|Any CPU.ActiveCfg = Debug|Any CPU
		{F7F950C1-20A7-4C0B-99EC-616B4F705287}.Debug|Any CPU.Build.0 = Debug|Any CPU
		{F7F950C1-20A7-4C0B-99EC-616B4F705287}.Release|Any CPU.ActiveCfg = Release|Any CPU
		{F7F950C1-20A7-4C0B-99EC-616B4F705287}.Release|Any CPU.Build.0 = Release|Any CPU
	EndGlobalSection
	GlobalSection(SolutionProperties) = preSolution
		HideSolutionNode = FALSE
	EndGlobalSection
	GlobalSection(ExtensibilityGlobals) = postSolution
		SolutionGuid = {B3D8710F-13CD-48AF-82A7-ED5830EEAC6C}
	EndGlobalSection
EndGlobal
